
Microsoft Visual Studio Solution File, Format Version 12.00
# Visual Studio Version 17
VisualStudioVersion = 17.8.34408.163
MinimumVisualStudioVersion = 10.0.40219.1
Project("{9A19103F-16F7-4668-BE54-9A1E7A4F7556}") = "MicroAgentsDemo", "src/MicroAgentsDemo.csproj", "{B6CD7F25-44D0-41AF-9005-A845BDC14D22}"
EndProject
Project("{2150E333-8FDC-42A3-9474-1A3956D46DE8}") = "Solution Items", "Solution Items", "{698E9C6F-9134-42F2-A825-A957C6EDB8A0}"
	ProjectSection(SolutionItems) = preProject
		.editorconfig = .editorconfig
	EndProjectSection
EndProject
Global
	GlobalSection(SolutionConfigurationPlatforms) = preSolution
		Debug|Any CPU = Debug|Any CPU
		Release|Any CPU = Release|Any CPU
	EndGlobalSection
	GlobalSection(ProjectConfigurationPlatforms) = postSolution
		{B6CD7F25-44D0-41AF-9005-A845BDC14D22}.Debug|Any CPU.ActiveCfg = Debug|Any CPU
		{B6CD7F25-44D0-41AF-9005-A845BDC14D22}.Debug|Any CPU.Build.0 = Debug|Any CPU
		{B6CD7F25-44D0-41AF-9005-A845BDC14D22}.Release|Any CPU.ActiveCfg = Release|Any CPU
		{B6CD7F25-44D0-41AF-9005-A845BDC14D22}.Release|Any CPU.Build.0 = Release|Any CPU
	EndGlobalSection
	GlobalSection(SolutionProperties) = preSolution
		HideSolutionNode = FALSE
	EndGlobalSection
	GlobalSection(ExtensibilityGlobals) = postSolution
		SolutionGuid = {96161D28-B379-48E9-BE88-8B59A2DA2C9C}
	EndGlobalSection
EndGlobal
